
Microsoft Visual Studio Solution File, Format Version 12.00
# Visual Studio Version 17
VisualStudioVersion = 17.0.32014.148
MinimumVisualStudioVersion = 10.0.40219.1
Project("{FAE04EC0-301F-11D3-BF4B-00C04F79EFBC}") = "JsonWebToken-API", "JsonWebToken-API.csproj", "{B824EFB2-A1D0-4553-BDD7-519977727FCD}"
EndProject
Global
	GlobalSection(SolutionConfigurationPlatforms) = preSolution
		Debug|Any CPU = Debug|Any CPU
		Release|Any CPU = Release|Any CPU
	EndGlobalSection
	GlobalSection(ProjectConfigurationPlatforms) = postSolution
		{B824EFB2-A1D0-4553-BDD7-519977727FCD}.Debug|Any CPU.ActiveCfg = Debug|Any CPU
		{B824EFB2-A1D0-4553-BDD7-519977727FCD}.Debug|Any CPU.Build.0 = Debug|Any CPU
		{B824EFB2-A1D0-4553-BDD7-519977727FCD}.Release|Any CPU.ActiveCfg = Release|Any CPU
		{B824EFB2-A1D0-4553-BDD7-519977727FCD}.Release|Any CPU.Build.0 = Release|Any CPU
	EndGlobalSection
	GlobalSection(SolutionProperties) = preSolution
		HideSolutionNode = FALSE
	EndGlobalSection
	GlobalSection(ExtensibilityGlobals) = postSolution
		SolutionGuid = {F17F5E58-D741-48A3-9511-2CA9D7E25326}
	EndGlobalSection
EndGlobal
